
Microsoft Visual Studio Solution File, Format Version 12.00
# Visual Studio Version 17
VisualStudioVersion = 17.8.34511.84
MinimumVisualStudioVersion = 10.0.40219.1
Project("{8BC9CEB8-8B4A-11D0-8D11-00A0C91BC942}") = "Initialized Visual Studio Project", "Initialized Visual Studio Project.vcxproj", "{47CCD284-415C-4F1C-9FB3-CD62B205BECC}"
EndProject
Global
	GlobalSection(SolutionConfigurationPlatforms) = preSolution
		Debug|x64 = Debug|x64
		Debug|x86 = Debug|x86
		Release|x64 = Release|x64
		Release|x86 = Release|x86
	EndGlobalSection
	GlobalSection(ProjectConfigurationPlatforms) = postSolution
		{47CCD284-415C-4F1C-9FB3-CD62B205BECC}.Debug|x64.ActiveCfg = Debug|x64
		{47CCD284-415C-4F1C-9FB3-CD62B205BECC}.Debug|x64.Build.0 = Debug|x64
		{47CCD284-415C-4F1C-9FB3-CD62B205BECC}.Debug|x86.ActiveCfg = Debug|Win32
		{47CCD284-415C-4F1C-9FB3-CD62B205BECC}.Debug|x86.Build.0 = Debug|Win32
		{47CCD284-415C-4F1C-9FB3-CD62B205BECC}.Release|x64.ActiveCfg = Release|x64
		{47CCD284-415C-4F1C-9FB3-CD62B205BECC}.Release|x64.Build.0 = Release|x64
		{47CCD284-415C-4F1C-9FB3-CD62B205BECC}.Release|x86.ActiveCfg = Release|Win32
		{47CCD284-415C-4F1C-9FB3-CD62B205BECC}.Release|x86.Build.0 = Release|Win32
	EndGlobalSection
	GlobalSection(SolutionProperties) = preSolution
		HideSolutionNode = FALSE
	EndGlobalSection
	GlobalSection(ExtensibilityGlobals) = postSolution
		SolutionGuid = {238506A4-9853-4296-A4C3-56F8F92EB7CB}
	EndGlobalSection
EndGlobal
